
Microsoft Visual Studio Solution File, Format Version 12.00
# Visual Studio Version 17
VisualStudioVersion = 17.0.31903.59
MinimumVisualStudioVersion = 10.0.40219.1
Project("{FAE04EC0-301F-11D3-BF4B-00C04F79EFBC}") = "Api", "Api\Api.csproj", "{30EB5446-6502-42FD-8325-6F81F4F34E97}"
EndProject
Project("{FAE04EC0-301F-11D3-BF4B-00C04F79EFBC}") = "Api.Tests", "Api.Tests\Api.Tests.csproj", "{6B723058-699E-4240-BFEF-D5A0C1E4D469}"
EndProject
Global
	GlobalSection(SolutionConfigurationPlatforms) = preSolution
		Debug|Any CPU = Debug|Any CPU
		Release|Any CPU = Release|Any CPU
	EndGlobalSection
	GlobalSection(SolutionProperties) = preSolution
		HideSolutionNode = FALSE
	EndGlobalSection
	GlobalSection(ProjectConfigurationPlatforms) = postSolution
		{30EB5446-6502-42FD-8325-6F81F4F34E97}.Debug|Any CPU.ActiveCfg = Debug|Any CPU
		{30EB5446-6502-42FD-8325-6F81F4F34E97}.Debug|Any CPU.Build.0 = Debug|Any CPU
		{30EB5446-6502-42FD-8325-6F81F4F34E97}.Release|Any CPU.ActiveCfg = Release|Any CPU
		{30EB5446-6502-42FD-8325-6F81F4F34E97}.Release|Any CPU.Build.0 = Release|Any CPU
		{6B723058-699E-4240-BFEF-D5A0C1E4D469}.Debug|Any CPU.ActiveCfg = Debug|Any CPU
		{6B723058-699E-4240-BFEF-D5A0C1E4D469}.Debug|Any CPU.Build.0 = Debug|Any CPU
		{6B723058-699E-4240-BFEF-D5A0C1E4D469}.Release|Any CPU.ActiveCfg = Release|Any CPU
		{6B723058-699E-4240-BFEF-D5A0C1E4D469}.Release|Any CPU.Build.0 = Release|Any CPU
	EndGlobalSection
EndGlobal
